
Microsoft Visual Studio Solution File, Format Version 12.00
# Visual Studio Version 17
VisualStudioVersion = 17.2.32602.215
MinimumVisualStudioVersion = 10.0.40219.1
Project("{9A19103F-16F7-4668-BE54-9A1E7A4F7556}") = "Conti.Tom.Publishing.Application", "Conti.Tom.Publishing.Application\Conti.Tom.Publishing.Application.csproj", "{B54F8CE4-7259-41A2-B897-391FABE00FE9}"
EndProject
Project("{9A19103F-16F7-4668-BE54-9A1E7A4F7556}") = "Conti.Tom.Publishing.Books.IsbnGenerator", "Conti.Tom.Publishing.Books.IsbnGenerator\Conti.Tom.Publishing.Books.IsbnGenerator.csproj", "{53286326-AC23-4790-B0E3-3A8A71F22FCF}"
EndProject
Project("{9A19103F-16F7-4668-BE54-9A1E7A4F7556}") = "Conti.Tom.Publishing.Books.Warehouse", "Conti.Tom.Publishing.Books.Warehouse\Conti.Tom.Publishing.Books.Warehouse.csproj", "{3E76EC03-FC90-4A93-BF23-88DDA66D2780}"
EndProject
Project("{9A19103F-16F7-4668-BE54-9A1E7A4F7556}") = "Conti.Tom.Publishing.Books.ISBNGenerator.Test", "Conti.Tom.Publishing.Tests\Conti.Tom.Publishing.Books.ISBNGenerator.Test.csproj", "{6DF7337F-DAD6-4E3D-888B-A0ED0CB61A49}"
EndProject
Project("{9A19103F-16F7-4668-BE54-9A1E7A4F7556}") = "Conti.Tom.Publishing.Books.Warehouse.Test", "Conti.Tom.Publishing.Books.Warehouse.Test\Conti.Tom.Publishing.Books.Warehouse.Test.csproj", "{A67F9AD1-30CF-424B-8F75-42EF9D455C87}"
EndProject
Project("{FAE04EC0-301F-11D3-BF4B-00C04F79EFBC}") = "Conti.Tom.Publishing.REST-API", "Conti.Tom.Publishing.REST-API\Conti.Tom.Publishing.REST-API.csproj", "{593B1544-A5D3-42D0-B5A5-9E7EF6D50D61}"
EndProject
Global
	GlobalSection(SolutionConfigurationPlatforms) = preSolution
		Debug|Any CPU = Debug|Any CPU
		Release|Any CPU = Release|Any CPU
	EndGlobalSection
	GlobalSection(ProjectConfigurationPlatforms) = postSolution
		{B54F8CE4-7259-41A2-B897-391FABE00FE9}.Debug|Any CPU.ActiveCfg = Debug|Any CPU
		{B54F8CE4-7259-41A2-B897-391FABE00FE9}.Debug|Any CPU.Build.0 = Debug|Any CPU
		{B54F8CE4-7259-41A2-B897-391FABE00FE9}.Release|Any CPU.ActiveCfg = Release|Any CPU
		{B54F8CE4-7259-41A2-B897-391FABE00FE9}.Release|Any CPU.Build.0 = Release|Any CPU
		{53286326-AC23-4790-B0E3-3A8A71F22FCF}.Debug|Any CPU.ActiveCfg = Debug|Any CPU
		{53286326-AC23-4790-B0E3-3A8A71F22FCF}.Debug|Any CPU.Build.0 = Debug|Any CPU
		{53286326-AC23-4790-B0E3-3A8A71F22FCF}.Release|Any CPU.ActiveCfg = Release|Any CPU
		{53286326-AC23-4790-B0E3-3A8A71F22FCF}.Release|Any CPU.Build.0 = Release|Any CPU
		{3E76EC03-FC90-4A93-BF23-88DDA66D2780}.Debug|Any CPU.ActiveCfg = Debug|Any CPU
		{3E76EC03-FC90-4A93-BF23-88DDA66D2780}.Debug|Any CPU.Build.0 = Debug|Any CPU
		{3E76EC03-FC90-4A93-BF23-88DDA66D2780}.Release|Any CPU.ActiveCfg = Release|Any CPU
		{3E76EC03-FC90-4A93-BF23-88DDA66D2780}.Release|Any CPU.Build.0 = Release|Any CPU
		{6DF7337F-DAD6-4E3D-888B-A0ED0CB61A49}.Debug|Any CPU.ActiveCfg = Debug|Any CPU
		{6DF7337F-DAD6-4E3D-888B-A0ED0CB61A49}.Debug|Any CPU.Build.0 = Debug|Any CPU
		{6DF7337F-DAD6-4E3D-888B-A0ED0CB61A49}.Release|Any CPU.ActiveCfg = Release|Any CPU
		{6DF7337F-DAD6-4E3D-888B-A0ED0CB61A49}.Release|Any CPU.Build.0 = Release|Any CPU
		{A67F9AD1-30CF-424B-8F75-42EF9D455C87}.Debug|Any CPU.ActiveCfg = Debug|Any CPU
		{A67F9AD1-30CF-424B-8F75-42EF9D455C87}.Debug|Any CPU.Build.0 = Debug|Any CPU
		{A67F9AD1-30CF-424B-8F75-42EF9D455C87}.Release|Any CPU.ActiveCfg = Release|Any CPU
		{A67F9AD1-30CF-424B-8F75-42EF9D455C87}.Release|Any CPU.Build.0 = Release|Any CPU
		{593B1544-A5D3-42D0-B5A5-9E7EF6D50D61}.Debug|Any CPU.ActiveCfg = Debug|Any CPU
		{593B1544-A5D3-42D0-B5A5-9E7EF6D50D61}.Debug|Any CPU.Build.0 = Debug|Any CPU
		{593B1544-A5D3-42D0-B5A5-9E7EF6D50D61}.Release|Any CPU.ActiveCfg = Release|Any CPU
		{593B1544-A5D3-42D0-B5A5-9E7EF6D50D61}.Release|Any CPU.Build.0 = Release|Any CPU
	EndGlobalSection
	GlobalSection(SolutionProperties) = preSolution
		HideSolutionNode = FALSE
	EndGlobalSection
	GlobalSection(ExtensibilityGlobals) = postSolution
		SolutionGuid = {D0E5DDAD-EFE4-44D8-B526-813EA5487C93}
	EndGlobalSection
EndGlobal
