
Microsoft Visual Studio Solution File, Format Version 12.00
# Visual Studio Version 16
VisualStudioVersion = 16.0.30114.105
MinimumVisualStudioVersion = 10.0.40219.1
Project("{FAE04EC0-301F-11D3-BF4B-00C04F79EFBC}") = "WordProcessor.Impl", "WordProcessor.Impl\WordProcessor.Impl.csproj", "{7ABF1ED1-917A-4B1E-B742-17CCA32A11AB}"
EndProject
Project("{FAE04EC0-301F-11D3-BF4B-00C04F79EFBC}") = "WordProcessor.Test", "WordProcessor.Test\WordProcessor.Test.csproj", "{C15E7F7F-0E82-480C-B7AB-1FBC730EA3D6}"
EndProject
Global
	GlobalSection(SolutionConfigurationPlatforms) = preSolution
		Debug|Any CPU = Debug|Any CPU
		Release|Any CPU = Release|Any CPU
	EndGlobalSection
	GlobalSection(SolutionProperties) = preSolution
		HideSolutionNode = FALSE
	EndGlobalSection
	GlobalSection(ProjectConfigurationPlatforms) = postSolution
		{7ABF1ED1-917A-4B1E-B742-17CCA32A11AB}.Debug|Any CPU.ActiveCfg = Debug|Any CPU
		{7ABF1ED1-917A-4B1E-B742-17CCA32A11AB}.Debug|Any CPU.Build.0 = Debug|Any CPU
		{7ABF1ED1-917A-4B1E-B742-17CCA32A11AB}.Release|Any CPU.ActiveCfg = Release|Any CPU
		{7ABF1ED1-917A-4B1E-B742-17CCA32A11AB}.Release|Any CPU.Build.0 = Release|Any CPU
		{C15E7F7F-0E82-480C-B7AB-1FBC730EA3D6}.Debug|Any CPU.ActiveCfg = Debug|Any CPU
		{C15E7F7F-0E82-480C-B7AB-1FBC730EA3D6}.Debug|Any CPU.Build.0 = Debug|Any CPU
		{C15E7F7F-0E82-480C-B7AB-1FBC730EA3D6}.Release|Any CPU.ActiveCfg = Release|Any CPU
		{C15E7F7F-0E82-480C-B7AB-1FBC730EA3D6}.Release|Any CPU.Build.0 = Release|Any CPU
	EndGlobalSection
EndGlobal
