
Microsoft Visual Studio Solution File, Format Version 12.00
# Visual Studio Version 16
VisualStudioVersion = 16.0.30114.105
MinimumVisualStudioVersion = 10.0.40219.1
Project("{FAE04EC0-301F-11D3-BF4B-00C04F79EFBC}") = "Conti.Guido.Store", "Conti.Guido.Store\Conti.Guido.Store.csproj", "{37973203-513C-428A-8DDE-58FE12D94844}"
EndProject
Project("{FAE04EC0-301F-11D3-BF4B-00C04F79EFBC}") = "Conti.Guido.Store.Test", "Conti.Guido.Store.Test\Conti.Guido.Store.Test.csproj", "{7BF7BC2D-953B-4F37-8F69-A49500B92561}"
EndProject
Project("{FAE04EC0-301F-11D3-BF4B-00C04F79EFBC}") = "Conti.Guido.StoreWebService", "Conti.Guido.StoreWebService\Conti.Guido.StoreWebService.csproj", "{DC07FAF4-4576-4AB8-B7FC-E01D02FE2CD7}"
EndProject
Global
	GlobalSection(SolutionConfigurationPlatforms) = preSolution
		Debug|Any CPU = Debug|Any CPU
		Release|Any CPU = Release|Any CPU
	EndGlobalSection
	GlobalSection(SolutionProperties) = preSolution
		HideSolutionNode = FALSE
	EndGlobalSection
	GlobalSection(ProjectConfigurationPlatforms) = postSolution
		{37973203-513C-428A-8DDE-58FE12D94844}.Debug|Any CPU.ActiveCfg = Debug|Any CPU
		{37973203-513C-428A-8DDE-58FE12D94844}.Debug|Any CPU.Build.0 = Debug|Any CPU
		{37973203-513C-428A-8DDE-58FE12D94844}.Release|Any CPU.ActiveCfg = Release|Any CPU
		{37973203-513C-428A-8DDE-58FE12D94844}.Release|Any CPU.Build.0 = Release|Any CPU
		{7BF7BC2D-953B-4F37-8F69-A49500B92561}.Debug|Any CPU.ActiveCfg = Debug|Any CPU
		{7BF7BC2D-953B-4F37-8F69-A49500B92561}.Debug|Any CPU.Build.0 = Debug|Any CPU
		{7BF7BC2D-953B-4F37-8F69-A49500B92561}.Release|Any CPU.ActiveCfg = Release|Any CPU
		{7BF7BC2D-953B-4F37-8F69-A49500B92561}.Release|Any CPU.Build.0 = Release|Any CPU
		{DC07FAF4-4576-4AB8-B7FC-E01D02FE2CD7}.Debug|Any CPU.ActiveCfg = Debug|Any CPU
		{DC07FAF4-4576-4AB8-B7FC-E01D02FE2CD7}.Debug|Any CPU.Build.0 = Debug|Any CPU
		{DC07FAF4-4576-4AB8-B7FC-E01D02FE2CD7}.Release|Any CPU.ActiveCfg = Release|Any CPU
		{DC07FAF4-4576-4AB8-B7FC-E01D02FE2CD7}.Release|Any CPU.Build.0 = Release|Any CPU
	EndGlobalSection
EndGlobal
