
Microsoft Visual Studio Solution File, Format Version 12.00
# Visual Studio Version 16
VisualStudioVersion = 16.0.30114.105
MinimumVisualStudioVersion = 10.0.40219.1
Project("{FAE04EC0-301F-11D3-BF4B-00C04F79EFBC}") = "ContiLS.Store", "ContiLS.Store\ContiLS.Store.csproj", "{685D5C50-EC09-488E-B7DC-ABD241E9AED5}"
EndProject
Project("{FAE04EC0-301F-11D3-BF4B-00C04F79EFBC}") = "ContiLS.Store.Test", "ContiLS.Store.Test\ContiLS.Store.Test.csproj", "{8C0657BC-6B33-4924-8A46-62EF7ABBE552}"
EndProject
Project("{FAE04EC0-301F-11D3-BF4B-00C04F79EFBC}") = "ContiLS.Store.Rest", "ContiLS.Store.Rest\ContiLS.Store.Rest.csproj", "{61673249-8EAD-4FF5-8BD2-AEA794673318}"
EndProject
Global
	GlobalSection(SolutionConfigurationPlatforms) = preSolution
		Debug|Any CPU = Debug|Any CPU
		Release|Any CPU = Release|Any CPU
	EndGlobalSection
	GlobalSection(SolutionProperties) = preSolution
		HideSolutionNode = FALSE
	EndGlobalSection
	GlobalSection(ProjectConfigurationPlatforms) = postSolution
		{685D5C50-EC09-488E-B7DC-ABD241E9AED5}.Debug|Any CPU.ActiveCfg = Debug|Any CPU
		{685D5C50-EC09-488E-B7DC-ABD241E9AED5}.Debug|Any CPU.Build.0 = Debug|Any CPU
		{685D5C50-EC09-488E-B7DC-ABD241E9AED5}.Release|Any CPU.ActiveCfg = Release|Any CPU
		{685D5C50-EC09-488E-B7DC-ABD241E9AED5}.Release|Any CPU.Build.0 = Release|Any CPU
		{8C0657BC-6B33-4924-8A46-62EF7ABBE552}.Debug|Any CPU.ActiveCfg = Debug|Any CPU
		{8C0657BC-6B33-4924-8A46-62EF7ABBE552}.Debug|Any CPU.Build.0 = Debug|Any CPU
		{8C0657BC-6B33-4924-8A46-62EF7ABBE552}.Release|Any CPU.ActiveCfg = Release|Any CPU
		{8C0657BC-6B33-4924-8A46-62EF7ABBE552}.Release|Any CPU.Build.0 = Release|Any CPU
		{61673249-8EAD-4FF5-8BD2-AEA794673318}.Debug|Any CPU.ActiveCfg = Debug|Any CPU
		{61673249-8EAD-4FF5-8BD2-AEA794673318}.Debug|Any CPU.Build.0 = Debug|Any CPU
		{61673249-8EAD-4FF5-8BD2-AEA794673318}.Release|Any CPU.ActiveCfg = Release|Any CPU
		{61673249-8EAD-4FF5-8BD2-AEA794673318}.Release|Any CPU.Build.0 = Release|Any CPU
	EndGlobalSection
EndGlobal
