
Microsoft Visual Studio Solution File, Format Version 12.00
# Visual Studio Version 16
VisualStudioVersion = 16.0.30114.105
MinimumVisualStudioVersion = 10.0.40219.1
Project("{FAE04EC0-301F-11D3-BF4B-00C04F79EFBC}") = "Javacream.Content.Test", "Javacream.Content.Test\Javacream.Content.Test.csproj", "{02E74B23-D283-4C59-BA85-4A667E26742B}"
EndProject
Project("{FAE04EC0-301F-11D3-BF4B-00C04F79EFBC}") = "Javacream.Content.Rest", "Javacream.Content.Rest\Javacream.Content.Rest.csproj", "{19223D39-4C4B-4DA4-8B70-33EAFE327DD7}"
EndProject
Global
	GlobalSection(SolutionConfigurationPlatforms) = preSolution
		Debug|Any CPU = Debug|Any CPU
		Release|Any CPU = Release|Any CPU
	EndGlobalSection
	GlobalSection(SolutionProperties) = preSolution
		HideSolutionNode = FALSE
	EndGlobalSection
	GlobalSection(ProjectConfigurationPlatforms) = postSolution
		{02E74B23-D283-4C59-BA85-4A667E26742B}.Debug|Any CPU.ActiveCfg = Debug|Any CPU
		{02E74B23-D283-4C59-BA85-4A667E26742B}.Debug|Any CPU.Build.0 = Debug|Any CPU
		{02E74B23-D283-4C59-BA85-4A667E26742B}.Release|Any CPU.ActiveCfg = Release|Any CPU
		{02E74B23-D283-4C59-BA85-4A667E26742B}.Release|Any CPU.Build.0 = Release|Any CPU
		{19223D39-4C4B-4DA4-8B70-33EAFE327DD7}.Debug|Any CPU.ActiveCfg = Debug|Any CPU
		{19223D39-4C4B-4DA4-8B70-33EAFE327DD7}.Debug|Any CPU.Build.0 = Debug|Any CPU
		{19223D39-4C4B-4DA4-8B70-33EAFE327DD7}.Release|Any CPU.ActiveCfg = Release|Any CPU
		{19223D39-4C4B-4DA4-8B70-33EAFE327DD7}.Release|Any CPU.Build.0 = Release|Any CPU
	EndGlobalSection
EndGlobal
