
Microsoft Visual Studio Solution File, Format Version 12.00
# Visual Studio Version 16
VisualStudioVersion = 16.0.30114.105
MinimumVisualStudioVersion = 10.0.40219.1
Project("{FAE04EC0-301F-11D3-BF4B-00C04F79EFBC}") = "ByHand", "ByHand\ByHand.csproj", "{FBA3C1FB-81AF-4D95-B462-A84028996F09}"
EndProject
Global
	GlobalSection(SolutionConfigurationPlatforms) = preSolution
		Debug|Any CPU = Debug|Any CPU
		Release|Any CPU = Release|Any CPU
	EndGlobalSection
	GlobalSection(SolutionProperties) = preSolution
		HideSolutionNode = FALSE
	EndGlobalSection
	GlobalSection(ProjectConfigurationPlatforms) = postSolution
		{FBA3C1FB-81AF-4D95-B462-A84028996F09}.Debug|Any CPU.ActiveCfg = Debug|Any CPU
		{FBA3C1FB-81AF-4D95-B462-A84028996F09}.Debug|Any CPU.Build.0 = Debug|Any CPU
		{FBA3C1FB-81AF-4D95-B462-A84028996F09}.Release|Any CPU.ActiveCfg = Release|Any CPU
		{FBA3C1FB-81AF-4D95-B462-A84028996F09}.Release|Any CPU.Build.0 = Release|Any CPU
	EndGlobalSection
EndGlobal
