
Microsoft Visual Studio Solution File, Format Version 12.00
# Visual Studio Version 17
VisualStudioVersion = 17.2.32616.157
MinimumVisualStudioVersion = 10.0.40219.1
Project("{FAE04EC0-301F-11D3-BF4B-00C04F79EFBC}") = "Conti.Tom.Content", "Conti.Tom.Content\Conti.Tom.Content.csproj", "{FB1C920B-D0E7-458C-B222-2F971F47ED26}"
EndProject
Project("{FAE04EC0-301F-11D3-BF4B-00C04F79EFBC}") = "Conti.Tom.Content.Test", "Conti.Tom.Content.Test\Conti.Tom.Content.Test.csproj", "{D543442B-08AC-4596-B72B-E77BEC4087FF}"
EndProject
Project("{FAE04EC0-301F-11D3-BF4B-00C04F79EFBC}") = "Conti.Tom.Content.Rest", "Conti.Tom.Content.Rest\Conti.Tom.Content.Rest.csproj", "{59F5AE25-FC73-49A3-8D4B-3F8B68EA2557}"
EndProject
Global
	GlobalSection(SolutionConfigurationPlatforms) = preSolution
		Debug|Any CPU = Debug|Any CPU
		Release|Any CPU = Release|Any CPU
	EndGlobalSection
	GlobalSection(ProjectConfigurationPlatforms) = postSolution
		{FB1C920B-D0E7-458C-B222-2F971F47ED26}.Debug|Any CPU.ActiveCfg = Debug|Any CPU
		{FB1C920B-D0E7-458C-B222-2F971F47ED26}.Debug|Any CPU.Build.0 = Debug|Any CPU
		{FB1C920B-D0E7-458C-B222-2F971F47ED26}.Release|Any CPU.ActiveCfg = Release|Any CPU
		{FB1C920B-D0E7-458C-B222-2F971F47ED26}.Release|Any CPU.Build.0 = Release|Any CPU
		{D543442B-08AC-4596-B72B-E77BEC4087FF}.Debug|Any CPU.ActiveCfg = Debug|Any CPU
		{D543442B-08AC-4596-B72B-E77BEC4087FF}.Debug|Any CPU.Build.0 = Debug|Any CPU
		{D543442B-08AC-4596-B72B-E77BEC4087FF}.Release|Any CPU.ActiveCfg = Release|Any CPU
		{D543442B-08AC-4596-B72B-E77BEC4087FF}.Release|Any CPU.Build.0 = Release|Any CPU
		{59F5AE25-FC73-49A3-8D4B-3F8B68EA2557}.Debug|Any CPU.ActiveCfg = Debug|Any CPU
		{59F5AE25-FC73-49A3-8D4B-3F8B68EA2557}.Debug|Any CPU.Build.0 = Debug|Any CPU
		{59F5AE25-FC73-49A3-8D4B-3F8B68EA2557}.Release|Any CPU.ActiveCfg = Release|Any CPU
		{59F5AE25-FC73-49A3-8D4B-3F8B68EA2557}.Release|Any CPU.Build.0 = Release|Any CPU
	EndGlobalSection
	GlobalSection(SolutionProperties) = preSolution
		HideSolutionNode = FALSE
	EndGlobalSection
	GlobalSection(ExtensibilityGlobals) = postSolution
		SolutionGuid = {ECF2C305-C254-4A71-B623-84F3F750268E}
	EndGlobalSection
EndGlobal
